
Microsoft Visual Studio Solution File, Format Version 12.00
# Visual Studio 14
VisualStudioVersion = 14.0.25420.1
MinimumVisualStudioVersion = 10.0.40219.1
Project("{FAE04EC0-301F-11D3-BF4B-00C04F79EFBC}") = "WebApp", "WebApi\WebApp.csproj", "{42CD0233-9BDA-45F8-9710-CA32B3CEA32C}"
EndProject
Global
	GlobalSection(SolutionConfigurationPlatforms) = preSolution
		Debug|Any CPU = Debug|Any CPU
		Release|Any CPU = Release|Any CPU
	EndGlobalSection
	GlobalSection(ProjectConfigurationPlatforms) = postSolution
		{42CD0233-9BDA-45F8-9710-CA32B3CEA32C}.Debug|Any CPU.ActiveCfg = Debug|Any CPU
		{42CD0233-9BDA-45F8-9710-CA32B3CEA32C}.Debug|Any CPU.Build.0 = Debug|Any CPU
		{42CD0233-9BDA-45F8-9710-CA32B3CEA32C}.Release|Any CPU.ActiveCfg = Release|Any CPU
		{42CD0233-9BDA-45F8-9710-CA32B3CEA32C}.Release|Any CPU.Build.0 = Release|Any CPU
	EndGlobalSection
	GlobalSection(SolutionProperties) = preSolution
		HideSolutionNode = FALSE
	EndGlobalSection
	GlobalSection(ExtensibilityGlobals) = postSolution
		SolutionGuid = {15F43F7D-AB18-4B11-981F-2AC201249968}
	EndGlobalSection
EndGlobal
